
Microsoft Visual Studio Solution File, Format Version 12.00
# Visual Studio Version 17
VisualStudioVersion = 17.6.33829.357
MinimumVisualStudioVersion = 10.0.40219.1
Project("{54A90642-561A-4BB1-A94E-469ADEE60C69}") = "reactapp", "reactapp\reactapp.esproj", "{E1831CA3-CDC7-43B9-B86A-F9CAFDE2142A}"
EndProject
Project("{9A19103F-16F7-4668-BE54-9A1E7A4F7556}") = "webapi", "webapi\webapi.csproj", "{C84FA959-440F-463D-A5D9-81A752E5145F}"
EndProject
Project("{2150E333-8FDC-42A3-9474-1A3956D46DE8}") = "Solution Items", "Solution Items", "{322C0D60-7A16-4269-99BC-A7A5131DFDAB}"
	ProjectSection(SolutionItems) = preProject
		.gitignore = .gitignore
	EndProjectSection
EndProject
Global
	GlobalSection(SolutionConfigurationPlatforms) = preSolution
		Debug|Any CPU = Debug|Any CPU
		Release|Any CPU = Release|Any CPU
	EndGlobalSection
	GlobalSection(ProjectConfigurationPlatforms) = postSolution
		{E1831CA3-CDC7-43B9-B86A-F9CAFDE2142A}.Debug|Any CPU.ActiveCfg = Debug|Any CPU
		{E1831CA3-CDC7-43B9-B86A-F9CAFDE2142A}.Debug|Any CPU.Build.0 = Debug|Any CPU
		{E1831CA3-CDC7-43B9-B86A-F9CAFDE2142A}.Debug|Any CPU.Deploy.0 = Debug|Any CPU
		{E1831CA3-CDC7-43B9-B86A-F9CAFDE2142A}.Release|Any CPU.ActiveCfg = Release|Any CPU
		{E1831CA3-CDC7-43B9-B86A-F9CAFDE2142A}.Release|Any CPU.Build.0 = Release|Any CPU
		{E1831CA3-CDC7-43B9-B86A-F9CAFDE2142A}.Release|Any CPU.Deploy.0 = Release|Any CPU
		{C84FA959-440F-463D-A5D9-81A752E5145F}.Debug|Any CPU.ActiveCfg = Debug|Any CPU
		{C84FA959-440F-463D-A5D9-81A752E5145F}.Debug|Any CPU.Build.0 = Debug|Any CPU
		{C84FA959-440F-463D-A5D9-81A752E5145F}.Release|Any CPU.ActiveCfg = Release|Any CPU
		{C84FA959-440F-463D-A5D9-81A752E5145F}.Release|Any CPU.Build.0 = Release|Any CPU
	EndGlobalSection
	GlobalSection(SolutionProperties) = preSolution
		HideSolutionNode = FALSE
	EndGlobalSection
	GlobalSection(ExtensibilityGlobals) = postSolution
		SolutionGuid = {0C6EABE9-2DD2-4D78-B4B1-7B42BE828A9E}
	EndGlobalSection
EndGlobal
